
Microsoft Visual Studio Solution File, Format Version 12.00
# Visual Studio Version 17
VisualStudioVersion = 17.11.35327.3
MinimumVisualStudioVersion = 10.0.40219.1
Project("{9A19103F-16F7-4668-BE54-9A1E7A4F7556}") = "FlightAPI", "FlightAPI.csproj", "{73BBE984-31E6-4A2A-AD49-22EA5E6B24EF}"
EndProject
Project("{FAE04EC0-301F-11D3-BF4B-00C04F79EFBC}") = "FlightAPITests", "..\FlightAPITests\FlightAPITests.csproj", "{4B3808BC-3593-49B9-9967-4B30BFC9BAD7}"
EndProject
Project("{FAE04EC0-301F-11D3-BF4B-00C04F79EFBC}") = "FlightAPI.IntegrationTests", "..\FlightAPI.IntegrationTests\FlightAPI.IntegrationTests.csproj", "{E75F1414-463F-41D8-9145-CB09D4B7C3CD}"
EndProject
Global
	GlobalSection(SolutionConfigurationPlatforms) = preSolution
		Debug|Any CPU = Debug|Any CPU
		Release|Any CPU = Release|Any CPU
	EndGlobalSection
	GlobalSection(ProjectConfigurationPlatforms) = postSolution
		{73BBE984-31E6-4A2A-AD49-22EA5E6B24EF}.Debug|Any CPU.ActiveCfg = Debug|Any CPU
		{73BBE984-31E6-4A2A-AD49-22EA5E6B24EF}.Debug|Any CPU.Build.0 = Debug|Any CPU
		{73BBE984-31E6-4A2A-AD49-22EA5E6B24EF}.Release|Any CPU.ActiveCfg = Release|Any CPU
		{73BBE984-31E6-4A2A-AD49-22EA5E6B24EF}.Release|Any CPU.Build.0 = Release|Any CPU
		{4B3808BC-3593-49B9-9967-4B30BFC9BAD7}.Debug|Any CPU.ActiveCfg = Debug|Any CPU
		{4B3808BC-3593-49B9-9967-4B30BFC9BAD7}.Debug|Any CPU.Build.0 = Debug|Any CPU
		{4B3808BC-3593-49B9-9967-4B30BFC9BAD7}.Release|Any CPU.ActiveCfg = Release|Any CPU
		{4B3808BC-3593-49B9-9967-4B30BFC9BAD7}.Release|Any CPU.Build.0 = Release|Any CPU
		{E75F1414-463F-41D8-9145-CB09D4B7C3CD}.Debug|Any CPU.ActiveCfg = Debug|Any CPU
		{E75F1414-463F-41D8-9145-CB09D4B7C3CD}.Debug|Any CPU.Build.0 = Debug|Any CPU
		{E75F1414-463F-41D8-9145-CB09D4B7C3CD}.Release|Any CPU.ActiveCfg = Release|Any CPU
		{E75F1414-463F-41D8-9145-CB09D4B7C3CD}.Release|Any CPU.Build.0 = Release|Any CPU
	EndGlobalSection
	GlobalSection(SolutionProperties) = preSolution
		HideSolutionNode = FALSE
	EndGlobalSection
	GlobalSection(ExtensibilityGlobals) = postSolution
		SolutionGuid = {E6620767-4B00-4185-9C1E-C1206791D0DF}
	EndGlobalSection
EndGlobal
